
Microsoft Visual Studio Solution File, Format Version 12.00
# Visual Studio Version 17
VisualStudioVersion = 17.10.35013.160
MinimumVisualStudioVersion = 10.0.40219.1
Project("{FAE04EC0-301F-11D3-BF4B-00C04F79EFBC}") = "ElevatorSystemDesign", "ElevatorSystemDesign\ElevatorSystemDesign.csproj", "{760B53DB-DF27-4A16-B233-7C5AE3E14CCF}"
EndProject
Global
	GlobalSection(SolutionConfigurationPlatforms) = preSolution
		Debug|Any CPU = Debug|Any CPU
		Release|Any CPU = Release|Any CPU
	EndGlobalSection
	GlobalSection(ProjectConfigurationPlatforms) = postSolution
		{760B53DB-DF27-4A16-B233-7C5AE3E14CCF}.Debug|Any CPU.ActiveCfg = Debug|Any CPU
		{760B53DB-DF27-4A16-B233-7C5AE3E14CCF}.Debug|Any CPU.Build.0 = Debug|Any CPU
		{760B53DB-DF27-4A16-B233-7C5AE3E14CCF}.Release|Any CPU.ActiveCfg = Release|Any CPU
		{760B53DB-DF27-4A16-B233-7C5AE3E14CCF}.Release|Any CPU.Build.0 = Release|Any CPU
	EndGlobalSection
	GlobalSection(SolutionProperties) = preSolution
		HideSolutionNode = FALSE
	EndGlobalSection
	GlobalSection(ExtensibilityGlobals) = postSolution
		SolutionGuid = {92CFFE8A-35D3-44C1-8A9D-58C28ED43421}
	EndGlobalSection
EndGlobal
