
Microsoft Visual Studio Solution File, Format Version 12.00
# Visual Studio Version 17
VisualStudioVersion = 17.10.35013.160
MinimumVisualStudioVersion = 10.0.40219.1
Project("{FAE04EC0-301F-11D3-BF4B-00C04F79EFBC}") = "ChainOfResponsbilityPattern", "ChainOfResponsbilityPattern\ChainOfResponsbilityPattern.csproj", "{A60D0CC8-1788-4275-99E4-CC4F9E5A5E15}"
EndProject
Global
	GlobalSection(SolutionConfigurationPlatforms) = preSolution
		Debug|Any CPU = Debug|Any CPU
		Release|Any CPU = Release|Any CPU
	EndGlobalSection
	GlobalSection(ProjectConfigurationPlatforms) = postSolution
		{A60D0CC8-1788-4275-99E4-CC4F9E5A5E15}.Debug|Any CPU.ActiveCfg = Debug|Any CPU
		{A60D0CC8-1788-4275-99E4-CC4F9E5A5E15}.Debug|Any CPU.Build.0 = Debug|Any CPU
		{A60D0CC8-1788-4275-99E4-CC4F9E5A5E15}.Release|Any CPU.ActiveCfg = Release|Any CPU
		{A60D0CC8-1788-4275-99E4-CC4F9E5A5E15}.Release|Any CPU.Build.0 = Release|Any CPU
	EndGlobalSection
	GlobalSection(SolutionProperties) = preSolution
		HideSolutionNode = FALSE
	EndGlobalSection
	GlobalSection(ExtensibilityGlobals) = postSolution
		SolutionGuid = {C5409496-3A2D-4F2B-BA19-21F063A45091}
	EndGlobalSection
EndGlobal
